// !$*UTF8*$!
{
	archiveVersion = 1;
	classes = {
	};
	objectVersion = 56;
	objects = {

/* Begin PBXBuildFile section */
		4C50F4D42B9AD2D800149416 /* chatAppApp.swift in Sources */ = {isa = PBXBuildFile; fileRef = 4C50F4D32B9AD2D800149416 /* chatAppApp.swift */; };
		4C50F4D62B9AD2D800149416 /* ContentView.swift in Sources */ = {isa = PBXBuildFile; fileRef = 4C50F4D52B9AD2D800149416 /* ContentView.swift */; };
		4C50F4D82B9AD2DA00149416 /* Assets.xcassets in Resources */ = {isa = PBXBuildFile; fileRef = 4C50F4D72B9AD2DA00149416 /* Assets.xcassets */; };
		4C50F4DB2B9AD2DA00149416 /* Preview Assets.xcassets in Resources */ = {isa = PBXBuildFile; fileRef = 4C50F4DA2B9AD2DA00149416 /* Preview Assets.xcassets */; };
		4C50F4E32B9AD36100149416 /* FirebaseAnalytics in Frameworks */ = {isa = PBXBuildFile; productRef = 4C50F4E22B9AD36100149416 /* FirebaseAnalytics */; };
		4C50F4E52B9AD36100149416 /* FirebaseAnalyticsOnDeviceConversion in Frameworks */ = {isa = PBXBuildFile; productRef = 4C50F4E42B9AD36100149416 /* FirebaseAnalyticsOnDeviceConversion */; };
		4C50F4E72B9AD36100149416 /* FirebaseAnalyticsSwift in Frameworks */ = {isa = PBXBuildFile; productRef = 4C50F4E62B9AD36100149416 /* FirebaseAnalyticsSwift */; };
		4C50F4E92B9AD36100149416 /* FirebaseAnalyticsWithoutAdIdSupport in Frameworks */ = {isa = PBXBuildFile; productRef = 4C50F4E82B9AD36100149416 /* FirebaseAnalyticsWithoutAdIdSupport */; };
		4C50F4EB2B9AD36100149416 /* FirebaseAppCheck in Frameworks */ = {isa = PBXBuildFile; productRef = 4C50F4EA2B9AD36100149416 /* FirebaseAppCheck */; };
		4C50F4ED2B9AD36100149416 /* FirebaseAppDistribution-Beta in Frameworks */ = {isa = PBXBuildFile; productRef = 4C50F4EC2B9AD36100149416 /* FirebaseAppDistribution-Beta */; };
		4C50F4EF2B9AD36100149416 /* FirebaseAuth in Frameworks */ = {isa = PBXBuildFile; productRef = 4C50F4EE2B9AD36100149416 /* FirebaseAuth */; };
		4C50F4F12B9AD36100149416 /* FirebaseAuthCombine-Community in Frameworks */ = {isa = PBXBuildFile; productRef = 4C50F4F02B9AD36100149416 /* FirebaseAuthCombine-Community */; };
		4C50F4F32B9AD36100149416 /* FirebaseCrashlytics in Frameworks */ = {isa = PBXBuildFile; productRef = 4C50F4F22B9AD36100149416 /* FirebaseCrashlytics */; };
		4C50F4F52B9AD36100149416 /* FirebaseDatabase in Frameworks */ = {isa = PBXBuildFile; productRef = 4C50F4F42B9AD36100149416 /* FirebaseDatabase */; };
		4C50F4F72B9AD36100149416 /* FirebaseDatabaseSwift in Frameworks */ = {isa = PBXBuildFile; productRef = 4C50F4F62B9AD36100149416 /* FirebaseDatabaseSwift */; };
		4C50F4F92B9AD36100149416 /* FirebaseDynamicLinks in Frameworks */ = {isa = PBXBuildFile; productRef = 4C50F4F82B9AD36100149416 /* FirebaseDynamicLinks */; };
		4C50F4FB2B9AD36100149416 /* FirebaseFirestore in Frameworks */ = {isa = PBXBuildFile; productRef = 4C50F4FA2B9AD36100149416 /* FirebaseFirestore */; };
		4C50F4FD2B9AD36100149416 /* FirebaseFirestoreCombine-Community in Frameworks */ = {isa = PBXBuildFile; productRef = 4C50F4FC2B9AD36100149416 /* FirebaseFirestoreCombine-Community */; };
		4C50F4FF2B9AD36100149416 /* FirebaseFirestoreSwift in Frameworks */ = {isa = PBXBuildFile; productRef = 4C50F4FE2B9AD36100149416 /* FirebaseFirestoreSwift */; };
		4C50F5012B9AD36100149416 /* FirebaseFunctions in Frameworks */ = {isa = PBXBuildFile; productRef = 4C50F5002B9AD36100149416 /* FirebaseFunctions */; };
		4C50F5032B9AD36100149416 /* FirebaseFunctionsCombine-Community in Frameworks */ = {isa = PBXBuildFile; productRef = 4C50F5022B9AD36100149416 /* FirebaseFunctionsCombine-Community */; };
		4C50F5052B9AD36100149416 /* FirebaseInAppMessaging-Beta in Frameworks */ = {isa = PBXBuildFile; productRef = 4C50F5042B9AD36100149416 /* FirebaseInAppMessaging-Beta */; };
		4C50F5072B9AD36100149416 /* FirebaseInAppMessagingSwift-Beta in Frameworks */ = {isa = PBXBuildFile; productRef = 4C50F5062B9AD36100149416 /* FirebaseInAppMessagingSwift-Beta */; };
		4C50F5092B9AD36100149416 /* FirebaseInstallations in Frameworks */ = {isa = PBXBuildFile; productRef = 4C50F5082B9AD36100149416 /* FirebaseInstallations */; };
		4C50F50B2B9AD36100149416 /* FirebaseMLModelDownloader in Frameworks */ = {isa = PBXBuildFile; productRef = 4C50F50A2B9AD36100149416 /* FirebaseMLModelDownloader */; };
		4C50F50D2B9AD36100149416 /* FirebaseMessaging in Frameworks */ = {isa = PBXBuildFile; productRef = 4C50F50C2B9AD36100149416 /* FirebaseMessaging */; };
		4C50F50F2B9AD36100149416 /* FirebasePerformance in Frameworks */ = {isa = PBXBuildFile; productRef = 4C50F50E2B9AD36100149416 /* FirebasePerformance */; };
		4C50F5112B9AD36100149416 /* FirebaseRemoteConfig in Frameworks */ = {isa = PBXBuildFile; productRef = 4C50F5102B9AD36100149416 /* FirebaseRemoteConfig */; };
		4C50F5132B9AD36100149416 /* FirebaseRemoteConfigSwift in Frameworks */ = {isa = PBXBuildFile; productRef = 4C50F5122B9AD36100149416 /* FirebaseRemoteConfigSwift */; };
		4C50F5152B9AD36100149416 /* FirebaseStorage in Frameworks */ = {isa = PBXBuildFile; productRef = 4C50F5142B9AD36100149416 /* FirebaseStorage */; };
		4C50F5172B9AD36100149416 /* FirebaseStorageCombine-Community in Frameworks */ = {isa = PBXBuildFile; productRef = 4C50F5162B9AD36100149416 /* FirebaseStorageCombine-Community */; };
		4C50F51B2B9AD86600149416 /* MessageView.swift in Sources */ = {isa = PBXBuildFile; fileRef = 4C50F51A2B9AD86600149416 /* MessageView.swift */; };
		4C50F51D2B9AD87400149416 /* MessageRow.swift in Sources */ = {isa = PBXBuildFile; fileRef = 4C50F51C2B9AD87400149416 /* MessageRow.swift */; };
		4C50F51F2B9AD88B00149416 /* MessageViewModel.swift in Sources */ = {isa = PBXBuildFile; fileRef = 4C50F51E2B9AD88B00149416 /* MessageViewModel.swift */; };
		4C50F5212B9AD92400149416 /* MessageElement.swift in Sources */ = {isa = PBXBuildFile; fileRef = 4C50F5202B9AD92400149416 /* MessageElement.swift */; };
		4C50F55F2B9B42AE00149416 /* FirebaseAnalytics in Frameworks */ = {isa = PBXBuildFile; productRef = 4C50F55E2B9B42AE00149416 /* FirebaseAnalytics */; };
		4C50F5612B9B42AE00149416 /* FirebaseAnalyticsOnDeviceConversion in Frameworks */ = {isa = PBXBuildFile; productRef = 4C50F5602B9B42AE00149416 /* FirebaseAnalyticsOnDeviceConversion */; };
		4C50F5632B9B42AE00149416 /* FirebaseAnalyticsSwift in Frameworks */ = {isa = PBXBuildFile; productRef = 4C50F5622B9B42AE00149416 /* FirebaseAnalyticsSwift */; };
		4C50F5652B9B42AE00149416 /* FirebaseAnalyticsWithoutAdIdSupport in Frameworks */ = {isa = PBXBuildFile; productRef = 4C50F5642B9B42AE00149416 /* FirebaseAnalyticsWithoutAdIdSupport */; };
		4C50F5672B9B42AE00149416 /* FirebaseAppCheck in Frameworks */ = {isa = PBXBuildFile; productRef = 4C50F5662B9B42AE00149416 /* FirebaseAppCheck */; };
		4C5501292BA2AF9A0088F5A4 /* GoogleService-Info.plist in Resources */ = {isa = PBXBuildFile; fileRef = 4C5501282BA2AF9A0088F5A4 /* GoogleService-Info.plist */; };
		4C55012B2BA2F3670088F5A4 /* ProfileView.swift in Sources */ = {isa = PBXBuildFile; fileRef = 4C55012A2BA2F3670088F5A4 /* ProfileView.swift */; };
/* End PBXBuildFile section */

/* Begin PBXFileReference section */
		4C50F4D02B9AD2D800149416 /* chatApp.app */ = {isa = PBXFileReference; explicitFileType = wrapper.application; includeInIndex = 0; path = chatApp.app; sourceTree = BUILT_PRODUCTS_DIR; };
		4C50F4D32B9AD2D800149416 /* chatAppApp.swift */ = {isa = PBXFileReference; lastKnownFileType = sourcecode.swift; path = chatAppApp.swift; sourceTree = "<group>"; };
		4C50F4D52B9AD2D800149416 /* ContentView.swift */ = {isa = PBXFileReference; lastKnownFileType = sourcecode.swift; path = ContentView.swift; sourceTree = "<group>"; };
		4C50F4D72B9AD2DA00149416 /* Assets.xcassets */ = {isa = PBXFileReference; lastKnownFileType = folder.assetcatalog; path = Assets.xcassets; sourceTree = "<group>"; };
		4C50F4DA2B9AD2DA00149416 /* Preview Assets.xcassets */ = {isa = PBXFileReference; lastKnownFileType = folder.assetcatalog; path = "Preview Assets.xcassets"; sourceTree = "<group>"; };
		4C50F51A2B9AD86600149416 /* MessageView.swift */ = {isa = PBXFileReference; lastKnownFileType = sourcecode.swift; path = MessageView.swift; sourceTree = "<group>"; };
		4C50F51C2B9AD87400149416 /* MessageRow.swift */ = {isa = PBXFileReference; lastKnownFileType = sourcecode.swift; path = MessageRow.swift; sourceTree = "<group>"; };
		4C50F51E2B9AD88B00149416 /* MessageViewModel.swift */ = {isa = PBXFileReference; lastKnownFileType = sourcecode.swift; path = MessageViewModel.swift; sourceTree = "<group>"; };
		4C50F5202B9AD92400149416 /* MessageElement.swift */ = {isa = PBXFileReference; lastKnownFileType = sourcecode.swift; path = MessageElement.swift; sourceTree = "<group>"; };
		4C5501282BA2AF9A0088F5A4 /* GoogleService-Info.plist */ = {isa = PBXFileReference; fileEncoding = 4; lastKnownFileType = text.plist.xml; path = "GoogleService-Info.plist"; sourceTree = "<group>"; };
		4C55012A2BA2F3670088F5A4 /* ProfileView.swift */ = {isa = PBXFileReference; lastKnownFileType = sourcecode.swift; path = ProfileView.swift; sourceTree = "<group>"; };
/* End PBXFileReference section */

/* Begin PBXFrameworksBuildPhase section */
		4C50F4CD2B9AD2D800149416 /* Frameworks */ = {
			isa = PBXFrameworksBuildPhase;
			buildActionMask = 2147483647;
			files = (
				4C50F4F52B9AD36100149416 /* FirebaseDatabase in Frameworks */,
				4C50F5032B9AD36100149416 /* FirebaseFunctionsCombine-Community in Frameworks */,
				4C50F4FB2B9AD36100149416 /* FirebaseFirestore in Frameworks */,
				4C50F4E72B9AD36100149416 /* FirebaseAnalyticsSwift in Frameworks */,
				4C50F4E32B9AD36100149416 /* FirebaseAnalytics in Frameworks */,
				4C50F4E52B9AD36100149416 /* FirebaseAnalyticsOnDeviceConversion in Frameworks */,
				4C50F50B2B9AD36100149416 /* FirebaseMLModelDownloader in Frameworks */,
				4C50F4FF2B9AD36100149416 /* FirebaseFirestoreSwift in Frameworks */,
				4C50F4EB2B9AD36100149416 /* FirebaseAppCheck in Frameworks */,
				4C50F4E92B9AD36100149416 /* FirebaseAnalyticsWithoutAdIdSupport in Frameworks */,
				4C50F4EF2B9AD36100149416 /* FirebaseAuth in Frameworks */,
				4C50F4F32B9AD36100149416 /* FirebaseCrashlytics in Frameworks */,
				4C50F5132B9AD36100149416 /* FirebaseRemoteConfigSwift in Frameworks */,
				4C50F5612B9B42AE00149416 /* FirebaseAnalyticsOnDeviceConversion in Frameworks */,
				4C50F5052B9AD36100149416 /* FirebaseInAppMessaging-Beta in Frameworks */,
				4C50F55F2B9B42AE00149416 /* FirebaseAnalytics in Frameworks */,
				4C50F5672B9B42AE00149416 /* FirebaseAppCheck in Frameworks */,
				4C50F5652B9B42AE00149416 /* FirebaseAnalyticsWithoutAdIdSupport in Frameworks */,
				4C50F4F72B9AD36100149416 /* FirebaseDatabaseSwift in Frameworks */,
				4C50F5012B9AD36100149416 /* FirebaseFunctions in Frameworks */,
				4C50F5172B9AD36100149416 /* FirebaseStorageCombine-Community in Frameworks */,
				4C50F5112B9AD36100149416 /* FirebaseRemoteConfig in Frameworks */,
				4C50F4ED2B9AD36100149416 /* FirebaseAppDistribution-Beta in Frameworks */,
				4C50F4F12B9AD36100149416 /* FirebaseAuthCombine-Community in Frameworks */,
				4C50F50F2B9AD36100149416 /* FirebasePerformance in Frameworks */,
				4C50F5072B9AD36100149416 /* FirebaseInAppMessagingSwift-Beta in Frameworks */,
				4C50F5632B9B42AE00149416 /* FirebaseAnalyticsSwift in Frameworks */,
				4C50F5152B9AD36100149416 /* FirebaseStorage in Frameworks */,
				4C50F4F92B9AD36100149416 /* FirebaseDynamicLinks in Frameworks */,
				4C50F4FD2B9AD36100149416 /* FirebaseFirestoreCombine-Community in Frameworks */,
				4C50F50D2B9AD36100149416 /* FirebaseMessaging in Frameworks */,
				4C50F5092B9AD36100149416 /* FirebaseInstallations in Frameworks */,
			);
			runOnlyForDeploymentPostprocessing = 0;
		};
/* End PBXFrameworksBuildPhase section */

/* Begin PBXGroup section */
		4C50F4C72B9AD2D800149416 = {
			isa = PBXGroup;
			children = (
				4C50F4D22B9AD2D800149416 /* chatApp */,
				4C50F4D12B9AD2D800149416 /* Products */,
			);
			sourceTree = "<group>";
		};
		4C50F4D12B9AD2D800149416 /* Products */ = {
			isa = PBXGroup;
			children = (
				4C50F4D02B9AD2D800149416 /* chatApp.app */,
			);
			name = Products;
			sourceTree = "<group>";
		};
		4C50F4D22B9AD2D800149416 /* chatApp */ = {
			isa = PBXGroup;
			children = (
				4C50F4D32B9AD2D800149416 /* chatAppApp.swift */,
				4C55012A2BA2F3670088F5A4 /* ProfileView.swift */,
				4C50F51A2B9AD86600149416 /* MessageView.swift */,
				4C50F5202B9AD92400149416 /* MessageElement.swift */,
				4C50F51E2B9AD88B00149416 /* MessageViewModel.swift */,
				4C50F4D52B9AD2D800149416 /* ContentView.swift */,
				4C50F51C2B9AD87400149416 /* MessageRow.swift */,
				4C5501282BA2AF9A0088F5A4 /* GoogleService-Info.plist */,
				4C50F4D72B9AD2DA00149416 /* Assets.xcassets */,
				4C50F4D92B9AD2DA00149416 /* Preview Content */,
			);
			path = chatApp;
			sourceTree = "<group>";
		};
		4C50F4D92B9AD2DA00149416 /* Preview Content */ = {
			isa = PBXGroup;
			children = (
				4C50F4DA2B9AD2DA00149416 /* Preview Assets.xcassets */,
			);
			path = "Preview Content";
			sourceTree = "<group>";
		};
/* End PBXGroup section */

/* Begin PBXNativeTarget section */
		4C50F4CF2B9AD2D800149416 /* chatApp */ = {
			isa = PBXNativeTarget;
			buildConfigurationList = 4C50F4DE2B9AD2DA00149416 /* Build configuration list for PBXNativeTarget "chatApp" */;
			buildPhases = (
				4C50F4CC2B9AD2D800149416 /* Sources */,
				4C50F4CD2B9AD2D800149416 /* Frameworks */,
				4C50F4CE2B9AD2D800149416 /* Resources */,
			);
			buildRules = (
			);
			dependencies = (
			);
			name = chatApp;
			packageProductDependencies = (
				4C50F4E22B9AD36100149416 /* FirebaseAnalytics */,
				4C50F4E42B9AD36100149416 /* FirebaseAnalyticsOnDeviceConversion */,
				4C50F4E62B9AD36100149416 /* FirebaseAnalyticsSwift */,
				4C50F4E82B9AD36100149416 /* FirebaseAnalyticsWithoutAdIdSupport */,
				4C50F4EA2B9AD36100149416 /* FirebaseAppCheck */,
				4C50F4EC2B9AD36100149416 /* FirebaseAppDistribution-Beta */,
				4C50F4EE2B9AD36100149416 /* FirebaseAuth */,
				4C50F4F02B9AD36100149416 /* FirebaseAuthCombine-Community */,
				4C50F4F22B9AD36100149416 /* FirebaseCrashlytics */,
				4C50F4F42B9AD36100149416 /* FirebaseDatabase */,
				4C50F4F62B9AD36100149416 /* FirebaseDatabaseSwift */,
				4C50F4F82B9AD36100149416 /* FirebaseDynamicLinks */,
				4C50F4FA2B9AD36100149416 /* FirebaseFirestore */,
				4C50F4FC2B9AD36100149416 /* FirebaseFirestoreCombine-Community */,
				4C50F4FE2B9AD36100149416 /* FirebaseFirestoreSwift */,
				4C50F5002B9AD36100149416 /* FirebaseFunctions */,
				4C50F5022B9AD36100149416 /* FirebaseFunctionsCombine-Community */,
				4C50F5042B9AD36100149416 /* FirebaseInAppMessaging-Beta */,
				4C50F5062B9AD36100149416 /* FirebaseInAppMessagingSwift-Beta */,
				4C50F5082B9AD36100149416 /* FirebaseInstallations */,
				4C50F50A2B9AD36100149416 /* FirebaseMLModelDownloader */,
				4C50F50C2B9AD36100149416 /* FirebaseMessaging */,
				4C50F50E2B9AD36100149416 /* FirebasePerformance */,
				4C50F5102B9AD36100149416 /* FirebaseRemoteConfig */,
				4C50F5122B9AD36100149416 /* FirebaseRemoteConfigSwift */,
				4C50F5142B9AD36100149416 /* FirebaseStorage */,
				4C50F5162B9AD36100149416 /* FirebaseStorageCombine-Community */,
				4C50F55E2B9B42AE00149416 /* FirebaseAnalytics */,
				4C50F5602B9B42AE00149416 /* FirebaseAnalyticsOnDeviceConversion */,
				4C50F5622B9B42AE00149416 /* FirebaseAnalyticsSwift */,
				4C50F5642B9B42AE00149416 /* FirebaseAnalyticsWithoutAdIdSupport */,
				4C50F5662B9B42AE00149416 /* FirebaseAppCheck */,
			);
			productName = chatApp;
			productReference = 4C50F4D02B9AD2D800149416 /* chatApp.app */;
			productType = "com.apple.product-type.application";
		};
/* End PBXNativeTarget section */

/* Begin PBXProject section */
		4C50F4C82B9AD2D800149416 /* Project object */ = {
			isa = PBXProject;
			attributes = {
				BuildIndependentTargetsInParallel = 1;
				LastSwiftUpdateCheck = 1520;
				LastUpgradeCheck = 1520;
				TargetAttributes = {
					4C50F4CF2B9AD2D800149416 = {
						CreatedOnToolsVersion = 15.2;
					};
				};
			};
			buildConfigurationList = 4C50F4CB2B9AD2D800149416 /* Build configuration list for PBXProject "chatApp" */;
			compatibilityVersion = "Xcode 14.0";
			developmentRegion = en;
			hasScannedForEncodings = 0;
			knownRegions = (
				en,
				Base,
			);
			mainGroup = 4C50F4C72B9AD2D800149416;
			packageReferences = (
				4C50F4E12B9AD36100149416 /* XCRemoteSwiftPackageReference "firebase-ios-sdk" */,
			);
			productRefGroup = 4C50F4D12B9AD2D800149416 /* Products */;
			projectDirPath = "";
			projectRoot = "";
			targets = (
				4C50F4CF2B9AD2D800149416 /* chatApp */,
			);
		};
/* End PBXProject section */

/* Begin PBXResourcesBuildPhase section */
		4C50F4CE2B9AD2D800149416 /* Resources */ = {
			isa = PBXResourcesBuildPhase;
			buildActionMask = 2147483647;
			files = (
				4C50F4DB2B9AD2DA00149416 /* Preview Assets.xcassets in Resources */,
				4C5501292BA2AF9A0088F5A4 /* GoogleService-Info.plist in Resources */,
				4C50F4D82B9AD2DA00149416 /* Assets.xcassets in Resources */,
			);
			runOnlyForDeploymentPostprocessing = 0;
		};
/* End PBXResourcesBuildPhase section */

/* Begin PBXSourcesBuildPhase section */
		4C50F4CC2B9AD2D800149416 /* Sources */ = {
			isa = PBXSourcesBuildPhase;
			buildActionMask = 2147483647;
			files = (
				4C50F51D2B9AD87400149416 /* MessageRow.swift in Sources */,
				4C50F51B2B9AD86600149416 /* MessageView.swift in Sources */,
				4C50F5212B9AD92400149416 /* MessageElement.swift in Sources */,
				4C50F51F2B9AD88B00149416 /* MessageViewModel.swift in Sources */,
				4C50F4D62B9AD2D800149416 /* ContentView.swift in Sources */,
				4C55012B2BA2F3670088F5A4 /* ProfileView.swift in Sources */,
				4C50F4D42B9AD2D800149416 /* chatAppApp.swift in Sources */,
			);
			runOnlyForDeploymentPostprocessing = 0;
		};
/* End PBXSourcesBuildPhase section */

/* Begin XCBuildConfiguration section */
		4C50F4DC2B9AD2DA00149416 /* Debug */ = {
			isa = XCBuildConfiguration;
			buildSettings = {
				ALWAYS_SEARCH_USER_PATHS = NO;
				ASSETCATALOG_COMPILER_GENERATE_SWIFT_ASSET_SYMBOL_EXTENSIONS = YES;
				CLANG_ANALYZER_NONNULL = YES;
				CLANG_ANALYZER_NUMBER_OBJECT_CONVERSION = YES_AGGRESSIVE;
				CLANG_CXX_LANGUAGE_STANDARD = "gnu++20";
				CLANG_ENABLE_MODULES = YES;
				CLANG_ENABLE_OBJC_ARC = YES;
				CLANG_ENABLE_OBJC_WEAK = YES;
				CLANG_WARN_BLOCK_CAPTURE_AUTORELEASING = YES;
				CLANG_WARN_BOOL_CONVERSION = YES;
				CLANG_WARN_COMMA = YES;
				CLANG_WARN_CONSTANT_CONVERSION = YES;
				CLANG_WARN_DEPRECATED_OBJC_IMPLEMENTATIONS = YES;
				CLANG_WARN_DIRECT_OBJC_ISA_USAGE = YES_ERROR;
				CLANG_WARN_DOCUMENTATION_COMMENTS = YES;
				CLANG_WARN_EMPTY_BODY = YES;
				CLANG_WARN_ENUM_CONVERSION = YES;
				CLANG_WARN_INFINITE_RECURSION = YES;
				CLANG_WARN_INT_CONVERSION = YES;
				CLANG_WARN_NON_LITERAL_NULL_CONVERSION = YES;
				CLANG_WARN_OBJC_IMPLICIT_RETAIN_SELF = YES;
				CLANG_WARN_OBJC_LITERAL_CONVERSION = YES;
				CLANG_WARN_OBJC_ROOT_CLASS = YES_ERROR;
				CLANG_WARN_QUOTED_INCLUDE_IN_FRAMEWORK_HEADER = YES;
				CLANG_WARN_RANGE_LOOP_ANALYSIS = YES;
				CLANG_WARN_STRICT_PROTOTYPES = YES;
				CLANG_WARN_SUSPICIOUS_MOVE = YES;
				CLANG_WARN_UNGUARDED_AVAILABILITY = YES_AGGRESSIVE;
				CLANG_WARN_UNREACHABLE_CODE = YES;
				CLANG_WARN__DUPLICATE_METHOD_MATCH = YES;
				COPY_PHASE_STRIP = NO;
				DEBUG_INFORMATION_FORMAT = dwarf;
				ENABLE_STRICT_OBJC_MSGSEND = YES;
				ENABLE_TESTABILITY = YES;
				ENABLE_USER_SCRIPT_SANDBOXING = YES;
				GCC_C_LANGUAGE_STANDARD = gnu17;
				GCC_DYNAMIC_NO_PIC = NO;
				GCC_NO_COMMON_BLOCKS = YES;
				GCC_OPTIMIZATION_LEVEL = 0;
				GCC_PREPROCESSOR_DEFINITIONS = (
					"DEBUG=1",
					"$(inherited)",
				);
				GCC_WARN_64_TO_32_BIT_CONVERSION = YES;
				GCC_WARN_ABOUT_RETURN_TYPE = YES_ERROR;
				GCC_WARN_UNDECLARED_SELECTOR = YES;
				GCC_WARN_UNINITIALIZED_AUTOS = YES_AGGRESSIVE;
				GCC_WARN_UNUSED_FUNCTION = YES;
				GCC_WARN_UNUSED_VARIABLE = YES;
				IPHONEOS_DEPLOYMENT_TARGET = 17.2;
				LOCALIZATION_PREFERS_STRING_CATALOGS = YES;
				MTL_ENABLE_DEBUG_INFO = INCLUDE_SOURCE;
				MTL_FAST_MATH = YES;
				ONLY_ACTIVE_ARCH = YES;
				SDKROOT = iphoneos;
				SWIFT_ACTIVE_COMPILATION_CONDITIONS = "DEBUG $(inherited)";
				SWIFT_OPTIMIZATION_LEVEL = "-Onone";
			};
			name = Debug;
		};
		4C50F4DD2B9AD2DA00149416 /* Release */ = {
			isa = XCBuildConfiguration;
			buildSettings = {
				ALWAYS_SEARCH_USER_PATHS = NO;
				ASSETCATALOG_COMPILER_GENERATE_SWIFT_ASSET_SYMBOL_EXTENSIONS = YES;
				CLANG_ANALYZER_NONNULL = YES;
				CLANG_ANALYZER_NUMBER_OBJECT_CONVERSION = YES_AGGRESSIVE;
				CLANG_CXX_LANGUAGE_STANDARD = "gnu++20";
				CLANG_ENABLE_MODULES = YES;
				CLANG_ENABLE_OBJC_ARC = YES;
				CLANG_ENABLE_OBJC_WEAK = YES;
				CLANG_WARN_BLOCK_CAPTURE_AUTORELEASING = YES;
				CLANG_WARN_BOOL_CONVERSION = YES;
				CLANG_WARN_COMMA = YES;
				CLANG_WARN_CONSTANT_CONVERSION = YES;
				CLANG_WARN_DEPRECATED_OBJC_IMPLEMENTATIONS = YES;
				CLANG_WARN_DIRECT_OBJC_ISA_USAGE = YES_ERROR;
				CLANG_WARN_DOCUMENTATION_COMMENTS = YES;
				CLANG_WARN_EMPTY_BODY = YES;
				CLANG_WARN_ENUM_CONVERSION = YES;
				CLANG_WARN_INFINITE_RECURSION = YES;
				CLANG_WARN_INT_CONVERSION = YES;
				CLANG_WARN_NON_LITERAL_NULL_CONVERSION = YES;
				CLANG_WARN_OBJC_IMPLICIT_RETAIN_SELF = YES;
				CLANG_WARN_OBJC_LITERAL_CONVERSION = YES;
				CLANG_WARN_OBJC_ROOT_CLASS = YES_ERROR;
				CLANG_WARN_QUOTED_INCLUDE_IN_FRAMEWORK_HEADER = YES;
				CLANG_WARN_RANGE_LOOP_ANALYSIS = YES;
				CLANG_WARN_STRICT_PROTOTYPES = YES;
				CLANG_WARN_SUSPICIOUS_MOVE = YES;
				CLANG_WARN_UNGUARDED_AVAILABILITY = YES_AGGRESSIVE;
				CLANG_WARN_UNREACHABLE_CODE = YES;
				CLANG_WARN__DUPLICATE_METHOD_MATCH = YES;
				COPY_PHASE_STRIP = NO;
				DEBUG_INFORMATION_FORMAT = "dwarf-with-dsym";
				ENABLE_NS_ASSERTIONS = NO;
				ENABLE_STRICT_OBJC_MSGSEND = YES;
				ENABLE_USER_SCRIPT_SANDBOXING = YES;
				GCC_C_LANGUAGE_STANDARD = gnu17;
				GCC_NO_COMMON_BLOCKS = YES;
				GCC_WARN_64_TO_32_BIT_CONVERSION = YES;
				GCC_WARN_ABOUT_RETURN_TYPE = YES_ERROR;
				GCC_WARN_UNDECLARED_SELECTOR = YES;
				GCC_WARN_UNINITIALIZED_AUTOS = YES_AGGRESSIVE;
				GCC_WARN_UNUSED_FUNCTION = YES;
				GCC_WARN_UNUSED_VARIABLE = YES;
				IPHONEOS_DEPLOYMENT_TARGET = 17.2;
				LOCALIZATION_PREFERS_STRING_CATALOGS = YES;
				MTL_ENABLE_DEBUG_INFO = NO;
				MTL_FAST_MATH = YES;
				SDKROOT = iphoneos;
				SWIFT_COMPILATION_MODE = wholemodule;
				VALIDATE_PRODUCT = YES;
			};
			name = Release;
		};
		4C50F4DF2B9AD2DA00149416 /* Debug */ = {
			isa = XCBuildConfiguration;
			buildSettings = {
				ASSETCATALOG_COMPILER_APPICON_NAME = AppIcon;
				ASSETCATALOG_COMPILER_GLOBAL_ACCENT_COLOR_NAME = AccentColor;
				CODE_SIGN_STYLE = Automatic;
				CURRENT_PROJECT_VERSION = 1;
				DEVELOPMENT_ASSET_PATHS = "\"chatApp/Preview Content\"";
				DEVELOPMENT_TEAM = 4R6G4W6K3K;
				ENABLE_PREVIEWS = YES;
				GENERATE_INFOPLIST_FILE = YES;
				INFOPLIST_KEY_UIApplicationSceneManifest_Generation = YES;
				INFOPLIST_KEY_UIApplicationSupportsIndirectInputEvents = YES;
				INFOPLIST_KEY_UILaunchScreen_Generation = YES;
				INFOPLIST_KEY_UISupportedInterfaceOrientations_iPad = "UIInterfaceOrientationPortrait UIInterfaceOrientationPortraitUpsideDown UIInterfaceOrientationLandscapeLeft UIInterfaceOrientationLandscapeRight";
				INFOPLIST_KEY_UISupportedInterfaceOrientations_iPhone = "UIInterfaceOrientationPortrait UIInterfaceOrientationLandscapeLeft UIInterfaceOrientationLandscapeRight";
				LD_RUNPATH_SEARCH_PATHS = (
					"$(inherited)",
					"@executable_path/Frameworks",
				);
				MARKETING_VERSION = 1.0;
				PRODUCT_BUNDLE_IDENTIFIER = "com.tomohiro-1205.chatApp";
				PRODUCT_NAME = "$(TARGET_NAME)";
				SWIFT_EMIT_LOC_STRINGS = YES;
				SWIFT_VERSION = 5.0;
				TARGETED_DEVICE_FAMILY = "1,2";
			};
			name = Debug;
		};
		4C50F4E02B9AD2DA00149416 /* Release */ = {
			isa = XCBuildConfiguration;
			buildSettings = {
				ASSETCATALOG_COMPILER_APPICON_NAME = AppIcon;
				ASSETCATALOG_COMPILER_GLOBAL_ACCENT_COLOR_NAME = AccentColor;
				CODE_SIGN_STYLE = Automatic;
				CURRENT_PROJECT_VERSION = 1;
				DEVELOPMENT_ASSET_PATHS = "\"chatApp/Preview Content\"";
				DEVELOPMENT_TEAM = 4R6G4W6K3K;
				ENABLE_PREVIEWS = YES;
				GENERATE_INFOPLIST_FILE = YES;
				INFOPLIST_KEY_UIApplicationSceneManifest_Generation = YES;
				INFOPLIST_KEY_UIApplicationSupportsIndirectInputEvents = YES;
				INFOPLIST_KEY_UILaunchScreen_Generation = YES;
				INFOPLIST_KEY_UISupportedInterfaceOrientations_iPad = "UIInterfaceOrientationPortrait UIInterfaceOrientationPortraitUpsideDown UIInterfaceOrientationLandscapeLeft UIInterfaceOrientationLandscapeRight";
				INFOPLIST_KEY_UISupportedInterfaceOrientations_iPhone = "UIInterfaceOrientationPortrait UIInterfaceOrientationLandscapeLeft UIInterfaceOrientationLandscapeRight";
				LD_RUNPATH_SEARCH_PATHS = (
					"$(inherited)",
					"@executable_path/Frameworks",
				);
				MARKETING_VERSION = 1.0;
				PRODUCT_BUNDLE_IDENTIFIER = "com.tomohiro-1205.chatApp";
				PRODUCT_NAME = "$(TARGET_NAME)";
				SWIFT_EMIT_LOC_STRINGS = YES;
				SWIFT_VERSION = 5.0;
				TARGETED_DEVICE_FAMILY = "1,2";
			};
			name = Release;
		};
/* End XCBuildConfiguration section */

/* Begin XCConfigurationList section */
		4C50F4CB2B9AD2D800149416 /* Build configuration list for PBXProject "chatApp" */ = {
			isa = XCConfigurationList;
			buildConfigurations = (
				4C50F4DC2B9AD2DA00149416 /* Debug */,
				4C50F4DD2B9AD2DA00149416 /* Release */,
			);
			defaultConfigurationIsVisible = 0;
			defaultConfigurationName = Release;
		};
		4C50F4DE2B9AD2DA00149416 /* Build configuration list for PBXNativeTarget "chatApp" */ = {
			isa = XCConfigurationList;
			buildConfigurations = (
				4C50F4DF2B9AD2DA00149416 /* Debug */,
				4C50F4E02B9AD2DA00149416 /* Release */,
			);
			defaultConfigurationIsVisible = 0;
			defaultConfigurationName = Release;
		};
/* End XCConfigurationList section */

/* Begin XCRemoteSwiftPackageReference section */
		4C50F4E12B9AD36100149416 /* XCRemoteSwiftPackageReference "firebase-ios-sdk" */ = {
			isa = XCRemoteSwiftPackageReference;
			repositoryURL = "https://github.com/firebase/firebase-ios-sdk.git";
			requirement = {
				kind = upToNextMajorVersion;
				minimumVersion = 10.22.1;
			};
		};
/* End XCRemoteSwiftPackageReference section */

/* Begin XCSwiftPackageProductDependency section */
		4C50F4E22B9AD36100149416 /* FirebaseAnalytics */ = {
			isa = XCSwiftPackageProductDependency;
			package = 4C50F4E12B9AD36100149416 /* XCRemoteSwiftPackageReference "firebase-ios-sdk" */;
			productName = FirebaseAnalytics;
		};
		4C50F4E42B9AD36100149416 /* FirebaseAnalyticsOnDeviceConversion */ = {
			isa = XCSwiftPackageProductDependency;
			package = 4C50F4E12B9AD36100149416 /* XCRemoteSwiftPackageReference "firebase-ios-sdk" */;
			productName = FirebaseAnalyticsOnDeviceConversion;
		};
		4C50F4E62B9AD36100149416 /* FirebaseAnalyticsSwift */ = {
			isa = XCSwiftPackageProductDependency;
			package = 4C50F4E12B9AD36100149416 /* XCRemoteSwiftPackageReference "firebase-ios-sdk" */;
			productName = FirebaseAnalyticsSwift;
		};
		4C50F4E82B9AD36100149416 /* FirebaseAnalyticsWithoutAdIdSupport */ = {
			isa = XCSwiftPackageProductDependency;
			package = 4C50F4E12B9AD36100149416 /* XCRemoteSwiftPackageReference "firebase-ios-sdk" */;
			productName = FirebaseAnalyticsWithoutAdIdSupport;
		};
		4C50F4EA2B9AD36100149416 /* FirebaseAppCheck */ = {
			isa = XCSwiftPackageProductDependency;
			package = 4C50F4E12B9AD36100149416 /* XCRemoteSwiftPackageReference "firebase-ios-sdk" */;
			productName = FirebaseAppCheck;
		};
		4C50F4EC2B9AD36100149416 /* FirebaseAppDistribution-Beta */ = {
			isa = XCSwiftPackageProductDependency;
			package = 4C50F4E12B9AD36100149416 /* XCRemoteSwiftPackageReference "firebase-ios-sdk" */;
			productName = "FirebaseAppDistribution-Beta";
		};
		4C50F4EE2B9AD36100149416 /* FirebaseAuth */ = {
			isa = XCSwiftPackageProductDependency;
			package = 4C50F4E12B9AD36100149416 /* XCRemoteSwiftPackageReference "firebase-ios-sdk" */;
			productName = FirebaseAuth;
		};
		4C50F4F02B9AD36100149416 /* FirebaseAuthCombine-Community */ = {
			isa = XCSwiftPackageProductDependency;
			package = 4C50F4E12B9AD36100149416 /* XCRemoteSwiftPackageReference "firebase-ios-sdk" */;
			productName = "FirebaseAuthCombine-Community";
		};
		4C50F4F22B9AD36100149416 /* FirebaseCrashlytics */ = {
			isa = XCSwiftPackageProductDependency;
			package = 4C50F4E12B9AD36100149416 /* XCRemoteSwiftPackageReference "firebase-ios-sdk" */;
			productName = FirebaseCrashlytics;
		};
		4C50F4F42B9AD36100149416 /* FirebaseDatabase */ = {
			isa = XCSwiftPackageProductDependency;
			package = 4C50F4E12B9AD36100149416 /* XCRemoteSwiftPackageReference "firebase-ios-sdk" */;
			productName = FirebaseDatabase;
		};
		4C50F4F62B9AD36100149416 /* FirebaseDatabaseSwift */ = {
			isa = XCSwiftPackageProductDependency;
			package = 4C50F4E12B9AD36100149416 /* XCRemoteSwiftPackageReference "firebase-ios-sdk" */;
			productName = FirebaseDatabaseSwift;
		};
		4C50F4F82B9AD36100149416 /* FirebaseDynamicLinks */ = {
			isa = XCSwiftPackageProductDependency;
			package = 4C50F4E12B9AD36100149416 /* XCRemoteSwiftPackageReference "firebase-ios-sdk" */;
			productName = FirebaseDynamicLinks;
		};
		4C50F4FA2B9AD36100149416 /* FirebaseFirestore */ = {
			isa = XCSwiftPackageProductDependency;
			package = 4C50F4E12B9AD36100149416 /* XCRemoteSwiftPackageReference "firebase-ios-sdk" */;
			productName = FirebaseFirestore;
		};
		4C50F4FC2B9AD36100149416 /* FirebaseFirestoreCombine-Community */ = {
			isa = XCSwiftPackageProductDependency;
			package = 4C50F4E12B9AD36100149416 /* XCRemoteSwiftPackageReference "firebase-ios-sdk" */;
			productName = "FirebaseFirestoreCombine-Community";
		};
		4C50F4FE2B9AD36100149416 /* FirebaseFirestoreSwift */ = {
			isa = XCSwiftPackageProductDependency;
			package = 4C50F4E12B9AD36100149416 /* XCRemoteSwiftPackageReference "firebase-ios-sdk" */;
			productName = FirebaseFirestoreSwift;
		};
		4C50F5002B9AD36100149416 /* FirebaseFunctions */ = {
			isa = XCSwiftPackageProductDependency;
			package = 4C50F4E12B9AD36100149416 /* XCRemoteSwiftPackageReference "firebase-ios-sdk" */;
			productName = FirebaseFunctions;
		};
		4C50F5022B9AD36100149416 /* FirebaseFunctionsCombine-Community */ = {
			isa = XCSwiftPackageProductDependency;
			package = 4C50F4E12B9AD36100149416 /* XCRemoteSwiftPackageReference "firebase-ios-sdk" */;
			productName = "FirebaseFunctionsCombine-Community";
		};
		4C50F5042B9AD36100149416 /* FirebaseInAppMessaging-Beta */ = {
			isa = XCSwiftPackageProductDependency;
			package = 4C50F4E12B9AD36100149416 /* XCRemoteSwiftPackageReference "firebase-ios-sdk" */;
			productName = "FirebaseInAppMessaging-Beta";
		};
		4C50F5062B9AD36100149416 /* FirebaseInAppMessagingSwift-Beta */ = {
			isa = XCSwiftPackageProductDependency;
			package = 4C50F4E12B9AD36100149416 /* XCRemoteSwiftPackageReference "firebase-ios-sdk" */;
			productName = "FirebaseInAppMessagingSwift-Beta";
		};
		4C50F5082B9AD36100149416 /* FirebaseInstallations */ = {
			isa = XCSwiftPackageProductDependency;
			package = 4C50F4E12B9AD36100149416 /* XCRemoteSwiftPackageReference "firebase-ios-sdk" */;
			productName = FirebaseInstallations;
		};
		4C50F50A2B9AD36100149416 /* FirebaseMLModelDownloader */ = {
			isa = XCSwiftPackageProductDependency;
			package = 4C50F4E12B9AD36100149416 /* XCRemoteSwiftPackageReference "firebase-ios-sdk" */;
			productName = FirebaseMLModelDownloader;
		};
		4C50F50C2B9AD36100149416 /* FirebaseMessaging */ = {
			isa = XCSwiftPackageProductDependency;
			package = 4C50F4E12B9AD36100149416 /* XCRemoteSwiftPackageReference "firebase-ios-sdk" */;
			productName = FirebaseMessaging;
		};
		4C50F50E2B9AD36100149416 /* FirebasePerformance */ = {
			isa = XCSwiftPackageProductDependency;
			package = 4C50F4E12B9AD36100149416 /* XCRemoteSwiftPackageReference "firebase-ios-sdk" */;
			productName = FirebasePerformance;
		};
		4C50F5102B9AD36100149416 /* FirebaseRemoteConfig */ = {
			isa = XCSwiftPackageProductDependency;
			package = 4C50F4E12B9AD36100149416 /* XCRemoteSwiftPackageReference "firebase-ios-sdk" */;
			productName = FirebaseRemoteConfig;
		};
		4C50F5122B9AD36100149416 /* FirebaseRemoteConfigSwift */ = {
			isa = XCSwiftPackageProductDependency;
			package = 4C50F4E12B9AD36100149416 /* XCRemoteSwiftPackageReference "firebase-ios-sdk" */;
			productName = FirebaseRemoteConfigSwift;
		};
		4C50F5142B9AD36100149416 /* FirebaseStorage */ = {
			isa = XCSwiftPackageProductDependency;
			package = 4C50F4E12B9AD36100149416 /* XCRemoteSwiftPackageReference "firebase-ios-sdk" */;
			productName = FirebaseStorage;
		};
		4C50F5162B9AD36100149416 /* FirebaseStorageCombine-Community */ = {
			isa = XCSwiftPackageProductDependency;
			package = 4C50F4E12B9AD36100149416 /* XCRemoteSwiftPackageReference "firebase-ios-sdk" */;
			productName = "FirebaseStorageCombine-Community";
		};
		4C50F55E2B9B42AE00149416 /* FirebaseAnalytics */ = {
			isa = XCSwiftPackageProductDependency;
			package = 4C50F4E12B9AD36100149416 /* XCRemoteSwiftPackageReference "firebase-ios-sdk" */;
			productName = FirebaseAnalytics;
		};
		4C50F5602B9B42AE00149416 /* FirebaseAnalyticsOnDeviceConversion */ = {
			isa = XCSwiftPackageProductDependency;
			package = 4C50F4E12B9AD36100149416 /* XCRemoteSwiftPackageReference "firebase-ios-sdk" */;
			productName = FirebaseAnalyticsOnDeviceConversion;
		};
		4C50F5622B9B42AE00149416 /* FirebaseAnalyticsSwift */ = {
			isa = XCSwiftPackageProductDependency;
			package = 4C50F4E12B9AD36100149416 /* XCRemoteSwiftPackageReference "firebase-ios-sdk" */;
			productName = FirebaseAnalyticsSwift;
		};
		4C50F5642B9B42AE00149416 /* FirebaseAnalyticsWithoutAdIdSupport */ = {
			isa = XCSwiftPackageProductDependency;
			package = 4C50F4E12B9AD36100149416 /* XCRemoteSwiftPackageReference "firebase-ios-sdk" */;
			productName = FirebaseAnalyticsWithoutAdIdSupport;
		};
		4C50F5662B9B42AE00149416 /* FirebaseAppCheck */ = {
			isa = XCSwiftPackageProductDependency;
			package = 4C50F4E12B9AD36100149416 /* XCRemoteSwiftPackageReference "firebase-ios-sdk" */;
			productName = FirebaseAppCheck;
		};
/* End XCSwiftPackageProductDependency section */
	};
	rootObject = 4C50F4C82B9AD2D800149416 /* Project object */;
}
